
Microsoft Visual Studio Solution File, Format Version 12.00
# Visual Studio Version 16
VisualStudioVersion = 16.0.32126.315
MinimumVisualStudioVersion = 10.0.40219.1
Project("{F184B08F-C81C-45F6-A57F-5ABD9991F28F}") = "PointLib", "PointLib\PointLib.vbproj", "{0D5DECBD-964C-4EFD-9E3F-55FD0EB531F6}"
EndProject
Project("{FAE04EC0-301F-11D3-BF4B-00C04F79EFBC}") = "FormsApp", "FormsApp\FormsApp.csproj", "{26CBC8C6-9790-424C-A454-840C9E78767E}"
EndProject
Global
	GlobalSection(SolutionConfigurationPlatforms) = preSolution
		Debug|Any CPU = Debug|Any CPU
		Release|Any CPU = Release|Any CPU
	EndGlobalSection
	GlobalSection(ProjectConfigurationPlatforms) = postSolution
		{0D5DECBD-964C-4EFD-9E3F-55FD0EB531F6}.Debug|Any CPU.ActiveCfg = Debug|Any CPU
		{0D5DECBD-964C-4EFD-9E3F-55FD0EB531F6}.Debug|Any CPU.Build.0 = Debug|Any CPU
		{0D5DECBD-964C-4EFD-9E3F-55FD0EB531F6}.Release|Any CPU.ActiveCfg = Release|Any CPU
		{0D5DECBD-964C-4EFD-9E3F-55FD0EB531F6}.Release|Any CPU.Build.0 = Release|Any CPU
		{26CBC8C6-9790-424C-A454-840C9E78767E}.Debug|Any CPU.ActiveCfg = Debug|Any CPU
		{26CBC8C6-9790-424C-A454-840C9E78767E}.Debug|Any CPU.Build.0 = Debug|Any CPU
		{26CBC8C6-9790-424C-A454-840C9E78767E}.Release|Any CPU.ActiveCfg = Release|Any CPU
		{26CBC8C6-9790-424C-A454-840C9E78767E}.Release|Any CPU.Build.0 = Release|Any CPU
	EndGlobalSection
	GlobalSection(SolutionProperties) = preSolution
		HideSolutionNode = FALSE
	EndGlobalSection
	GlobalSection(ExtensibilityGlobals) = postSolution
		SolutionGuid = {4F6F6743-00EE-4B96-86E0-AA3B62D4C175}
	EndGlobalSection
EndGlobal
